
Microsoft Visual Studio Solution File, Format Version 12.00
# Visual Studio Version 16
VisualStudioVersion = 16.0.31402.337
MinimumVisualStudioVersion = 10.0.40219.1
Project("{8BC9CEB8-8B4A-11D0-8D11-00A0C91BC942}") = "Dz1Part1", "Dz1Part1.vcxproj", "{723C7F50-04C4-4E0E-9E69-8527829CD904}"
EndProject
Global
	GlobalSection(SolutionConfigurationPlatforms) = preSolution
		Debug|x64 = Debug|x64
		Debug|x86 = Debug|x86
		Release|x64 = Release|x64
		Release|x86 = Release|x86
	EndGlobalSection
	GlobalSection(ProjectConfigurationPlatforms) = postSolution
		{723C7F50-04C4-4E0E-9E69-8527829CD904}.Debug|x64.ActiveCfg = Debug|x64
		{723C7F50-04C4-4E0E-9E69-8527829CD904}.Debug|x64.Build.0 = Debug|x64
		{723C7F50-04C4-4E0E-9E69-8527829CD904}.Debug|x86.ActiveCfg = Debug|Win32
		{723C7F50-04C4-4E0E-9E69-8527829CD904}.Debug|x86.Build.0 = Debug|Win32
		{723C7F50-04C4-4E0E-9E69-8527829CD904}.Release|x64.ActiveCfg = Release|x64
		{723C7F50-04C4-4E0E-9E69-8527829CD904}.Release|x64.Build.0 = Release|x64
		{723C7F50-04C4-4E0E-9E69-8527829CD904}.Release|x86.ActiveCfg = Release|Win32
		{723C7F50-04C4-4E0E-9E69-8527829CD904}.Release|x86.Build.0 = Release|Win32
	EndGlobalSection
	GlobalSection(SolutionProperties) = preSolution
		HideSolutionNode = FALSE
	EndGlobalSection
	GlobalSection(ExtensibilityGlobals) = postSolution
		SolutionGuid = {677A3E99-0F18-4F62-86F7-A8D6A7F0D082}
	EndGlobalSection
EndGlobal
